<?xml version="1.0" encoding="UTF-8"?>
<CONFIG>
  <ProjectOptions>
    <Version Value="12"/>
    <General>
      <Flags>
        <CompatibilityMode Value="True"/>
      </Flags>
      <SessionStorage Value="InProjectDir"/>
      <Title Value="KinFert"/>
      <Scaled Value="True"/>
      <NSPrincipalClass Value="KinFert"/>
      <ResourceType Value="res"/>
      <UseXPManifest Value="True"/>
      <XPManifest>
        <DpiAware Value="True"/>
        <TextName Value="CED.KinshipSim.KINFERT"/>
      </XPManifest>
      <Icon Value="0"/>
    </General>
    <BuildModes Count="1">
      <Item1 Name="Default" Default="True"/>
    </BuildModes>
    <PublishOptions>
      <Version Value="2"/>
      <UseFileFilters Value="True"/>
    </PublishOptions>
    <RunParams>
      <FormatVersion Value="2"/>
    </RunParams>
    <RequiredPackages Count="2">
      <Item1>
        <PackageName Value="TAChartLazarusPkg"/>
      </Item1>
      <Item2>
        <PackageName Value="LCL"/>
      </Item2>
    </RequiredPackages>
    <Units Count="14">
      <Unit0>
        <Filename Value="kinfert.lpr"/>
        <IsPartOfProject Value="True"/>
        <UnitName Value="KinFert"/>
      </Unit0>
      <Unit1>
        <Filename Value="ComponentHelper.pas"/>
        <IsPartOfProject Value="True"/>
      </Unit1>
      <Unit2>
        <Filename Value="LazLowlevel.pas"/>
        <IsPartOfProject Value="True"/>
        <ComponentName Value="LowLevelForm"/>
        <HasResources Value="True"/>
        <ResourceBaseClass Value="Form"/>
      </Unit2>
      <Unit3>
        <Filename Value="LazMain.pas"/>
        <IsPartOfProject Value="True"/>
        <ComponentName Value="KinFertForm"/>
        <HasResources Value="True"/>
        <ResourceBaseClass Value="Form"/>
      </Unit3>
      <Unit4>
        <Filename Value="LazConfig.pas"/>
        <IsPartOfProject Value="True"/>
        <ComponentName Value="ConfigForm"/>
        <HasResources Value="True"/>
        <ResourceBaseClass Value="Form"/>
      </Unit4>
      <Unit5>
        <Filename Value="LazOutput.pas"/>
        <IsPartOfProject Value="True"/>
        <ComponentName Value="OutputForm"/>
        <HasResources Value="True"/>
        <ResourceBaseClass Value="Form"/>
      </Unit5>
      <Unit6>
        <Filename Value="LazGraph.pas"/>
        <IsPartOfProject Value="True"/>
        <ComponentName Value="GraphsForm"/>
        <HasResources Value="True"/>
        <ResourceBaseClass Value="Form"/>
      </Unit6>
      <Unit7>
        <Filename Value="LazUtiles.pas"/>
        <IsPartOfProject Value="True"/>
        <ComponentName Value="UtilesForm"/>
        <HasResources Value="True"/>
        <ResourceBaseClass Value="Form"/>
      </Unit7>
      <Unit8>
        <Filename Value="docform.pas"/>
        <IsPartOfProject Value="True"/>
        <ComponentName Value="Documentation"/>
        <HasResources Value="True"/>
        <ResourceBaseClass Value="Form"/>
        <UnitName Value="DocForm"/>
      </Unit8>
      <Unit9>
        <Filename Value="lazkinselection.pas"/>
        <IsPartOfProject Value="True"/>
        <ComponentName Value="KinSelectionForm"/>
        <HasResources Value="True"/>
        <ResourceBaseClass Value="Form"/>
        <UnitName Value="LazKinSelection"/>
      </Unit9>
      <Unit10>
        <Filename Value="lazkinoutputfields.pas"/>
        <IsPartOfProject Value="True"/>
        <ComponentName Value="KinOutputFields"/>
        <HasResources Value="True"/>
        <ResourceBaseClass Value="Form"/>
        <UnitName Value="Lazkinoutputfields"/>
      </Unit10>
      <Unit11>
        <Filename Value="lazkinheirset.pas"/>
        <IsPartOfProject Value="True"/>
        <ComponentName Value="HeirsSet"/>
        <HasResources Value="True"/>
        <ResourceBaseClass Value="Form"/>
        <UnitName Value="LazKinHeirSet"/>
      </Unit11>
      <Unit12>
        <Filename Value="lazkindecedentset.pas"/>
        <IsPartOfProject Value="True"/>
        <ComponentName Value="DecedentsSet"/>
        <HasResources Value="True"/>
        <ResourceBaseClass Value="Form"/>
        <UnitName Value="LazKinDecedentSet"/>
      </Unit12>
      <Unit13>
        <Filename Value="lazdemocarefields.pas"/>
        <IsPartOfProject Value="True"/>
        <ComponentName Value="DemoCareFields"/>
        <HasResources Value="True"/>
        <ResourceBaseClass Value="Form"/>
        <UnitName Value="LazDemoCareFields"/>
      </Unit13>
    </Units>
    <Debugger>
      <StoreDebuggerClassConfInSession Value="True"/>
    </Debugger>
  </ProjectOptions>
  <CompilerOptions>
    <Version Value="11"/>
    <Target>
      <Filename Value="KinFert"/>
    </Target>
    <SearchPaths>
      <IncludeFiles Value="$(ProjOutDir)"/>
      <Libraries Value="/usr/lib/"/>
      <UnitOutputDirectory Value="lib/$(TargetCPU)-$(TargetOS)"/>
    </SearchPaths>
    <Parsing>
      <SyntaxOptions>
        <CStyleMacros Value="True"/>
      </SyntaxOptions>
    </Parsing>
    <CodeGeneration>
      <Optimizations>
        <OptimizationLevel Value="0"/>
      </Optimizations>
    </CodeGeneration>
    <Linking>
      <Debugging>
        <DebugInfoType Value="dsDwarf3"/>
      </Debugging>
      <Options>
        <Win32>
          <GraphicApplication Value="True"/>
        </Win32>
      </Options>
    </Linking>
    <Other>
      <CompilerMessages>
        <IgnoredMessages idx6058="True" idx5028="True" idx5027="True" idx5026="True" idx5025="True" idx5024="True" idx4048="True"/>
      </CompilerMessages>
      <CustomOptions Value="-Sa
-Ci
-Co
-CO
-Cr
-dLAZARUS_GUI"/>
      <OtherDefines Count="1">
        <Define0 Value="LAZARUS_GUI"/>
      </OtherDefines>
    </Other>
  </CompilerOptions>
  <Debugging>
    <Exceptions Count="9">
      <Item1>
        <Name Value="EAbort"/>
      </Item1>
      <Item2>
        <Name Value="ECodetoolError"/>
      </Item2>
      <Item3>
        <Name Value="EFOpenError"/>
      </Item3>
      <Item4>
        <Name Value="EConvertError"/>
      </Item4>
      <Item5>
        <Name Value="ERangeError"/>
      </Item5>
      <Item6>
        <Name Value="0000000eEAbstractError"/>
      </Item6>
      <Item7>
        <Name Value="Exception"/>
      </Item7>
      <Item8>
        <Name Value="&lt;Unknown Class>"/>
      </Item8>
      <Item9>
        <Name Value="EInOutError"/>
      </Item9>
    </Exceptions>
  </Debugging>
</CONFIG>
